
Microsoft Visual Studio Solution File, Format Version 12.00
# Visual Studio 15
VisualStudioVersion = 15.0.25807.0
MinimumVisualStudioVersion = 10.0.40219.1
Project("{2150E333-8FDC-42A3-9474-1A3956D46DE8}") = "Engine", "Engine", "{94A6C6F3-99B3-346E-9557-ABF9D4064DBD}"
EndProject
Project("{2150E333-8FDC-42A3-9474-1A3956D46DE8}") = "Games", "Games", "{8E2F6A87-1826-34F4-940C-CC23A48F9FE4}"
EndProject
Project("{8BC9CEB8-8B4A-11D0-8D11-00A0C91BC942}") = "UE4", "Intermediate\ProjectFiles\UE4.vcxproj", "{8898FB17-D30D-4657-929C-9D2BBBA09256}"
EndProject
Project("{8BC9CEB8-8B4A-11D0-8D11-00A0C91BC942}") = "Cours4", "Intermediate\ProjectFiles\Cours4.vcxproj", "{40C74B83-1BF1-45AC-B5EA-AE73E0548192}"
EndProject
Project("{2150E333-8FDC-42A3-9474-1A3956D46DE8}") = "Visualizers", "Visualizers", "{1CCEC849-CC72-4C59-8C36-2F7C38706D4C}"
	ProjectSection(SolutionItems) = preProject
		C:\UE4\UE_4.26\Engine\Extras\VisualStudioDebugging\UE4.natvis = C:\UE4\UE_4.26\Engine\Extras\VisualStudioDebugging\UE4.natvis
	EndProjectSection
EndProject
Global
	GlobalSection(SolutionConfigurationPlatforms) = preSolution
		DebugGame Editor|Win32 = DebugGame Editor|Win32
		DebugGame Editor|Win64 = DebugGame Editor|Win64
		DebugGame|Win32 = DebugGame|Win32
		DebugGame|Win64 = DebugGame|Win64
		Development Editor|Win32 = Development Editor|Win32
		Development Editor|Win64 = Development Editor|Win64
		Development|Win32 = Development|Win32
		Development|Win64 = Development|Win64
		Shipping|Win32 = Shipping|Win32
		Shipping|Win64 = Shipping|Win64
	EndGlobalSection
	GlobalSection(ProjectConfigurationPlatforms) = postSolution
		{8898FB17-D30D-4657-929C-9D2BBBA09256}.DebugGame Editor|Win32.ActiveCfg = BuiltWithUnrealBuildTool|Win32
		{8898FB17-D30D-4657-929C-9D2BBBA09256}.DebugGame Editor|Win64.ActiveCfg = BuiltWithUnrealBuildTool|Win32
		{8898FB17-D30D-4657-929C-9D2BBBA09256}.DebugGame|Win32.ActiveCfg = BuiltWithUnrealBuildTool|Win32
		{8898FB17-D30D-4657-929C-9D2BBBA09256}.DebugGame|Win64.ActiveCfg = BuiltWithUnrealBuildTool|Win32
		{8898FB17-D30D-4657-929C-9D2BBBA09256}.Development Editor|Win32.ActiveCfg = BuiltWithUnrealBuildTool|Win32
		{8898FB17-D30D-4657-929C-9D2BBBA09256}.Development Editor|Win64.ActiveCfg = BuiltWithUnrealBuildTool|Win32
		{8898FB17-D30D-4657-929C-9D2BBBA09256}.Development|Win32.ActiveCfg = BuiltWithUnrealBuildTool|Win32
		{8898FB17-D30D-4657-929C-9D2BBBA09256}.Development|Win64.ActiveCfg = BuiltWithUnrealBuildTool|Win32
		{8898FB17-D30D-4657-929C-9D2BBBA09256}.Shipping|Win32.ActiveCfg = BuiltWithUnrealBuildTool|Win32
		{8898FB17-D30D-4657-929C-9D2BBBA09256}.Shipping|Win64.ActiveCfg = BuiltWithUnrealBuildTool|Win32
		{40C74B83-1BF1-45AC-B5EA-AE73E0548192}.DebugGame Editor|Win32.ActiveCfg = Invalid|Win32
		{40C74B83-1BF1-45AC-B5EA-AE73E0548192}.DebugGame Editor|Win64.ActiveCfg = DebugGame_Editor|x64
		{40C74B83-1BF1-45AC-B5EA-AE73E0548192}.DebugGame Editor|Win64.Build.0 = DebugGame_Editor|x64
		{40C74B83-1BF1-45AC-B5EA-AE73E0548192}.DebugGame|Win32.ActiveCfg = DebugGame|Win32
		{40C74B83-1BF1-45AC-B5EA-AE73E0548192}.DebugGame|Win32.Build.0 = DebugGame|Win32
		{40C74B83-1BF1-45AC-B5EA-AE73E0548192}.DebugGame|Win64.ActiveCfg = DebugGame|x64
		{40C74B83-1BF1-45AC-B5EA-AE73E0548192}.DebugGame|Win64.Build.0 = DebugGame|x64
		{40C74B83-1BF1-45AC-B5EA-AE73E0548192}.Development Editor|Win32.ActiveCfg = Invalid|Win32
		{40C74B83-1BF1-45AC-B5EA-AE73E0548192}.Development Editor|Win64.ActiveCfg = Development_Editor|x64
		{40C74B83-1BF1-45AC-B5EA-AE73E0548192}.Development Editor|Win64.Build.0 = Development_Editor|x64
		{40C74B83-1BF1-45AC-B5EA-AE73E0548192}.Development|Win32.ActiveCfg = Development|Win32
		{40C74B83-1BF1-45AC-B5EA-AE73E0548192}.Development|Win32.Build.0 = Development|Win32
		{40C74B83-1BF1-45AC-B5EA-AE73E0548192}.Development|Win64.ActiveCfg = Development|x64
		{40C74B83-1BF1-45AC-B5EA-AE73E0548192}.Development|Win64.Build.0 = Development|x64
		{40C74B83-1BF1-45AC-B5EA-AE73E0548192}.Shipping|Win32.ActiveCfg = Shipping|Win32
		{40C74B83-1BF1-45AC-B5EA-AE73E0548192}.Shipping|Win32.Build.0 = Shipping|Win32
		{40C74B83-1BF1-45AC-B5EA-AE73E0548192}.Shipping|Win64.ActiveCfg = Shipping|x64
		{40C74B83-1BF1-45AC-B5EA-AE73E0548192}.Shipping|Win64.Build.0 = Shipping|x64
	EndGlobalSection
	GlobalSection(SolutionProperties) = preSolution
		HideSolutionNode = FALSE
	EndGlobalSection
	GlobalSection(NestedProjects) = preSolution
		{8898FB17-D30D-4657-929C-9D2BBBA09256} = {94A6C6F3-99B3-346E-9557-ABF9D4064DBD}
		{40C74B83-1BF1-45AC-B5EA-AE73E0548192} = {8E2F6A87-1826-34F4-940C-CC23A48F9FE4}
	EndGlobalSection
EndGlobal
